
Microsoft Visual Studio Solution File, Format Version 12.00
# Visual Studio Version 17
VisualStudioVersion = 17.4.33122.133
MinimumVisualStudioVersion = 10.0.40219.1
Project("{FAE04EC0-301F-11D3-BF4B-00C04F79EFBC}") = "CentralDeFinanças.Presentation.Mvc", "CentralDeFinanças.Presentation.Mvc\CentralDeFinanças.Presentation.Mvc.csproj", "{8215CB88-0E07-4216-96FF-6735B593B2A2}"
EndProject
Global
	GlobalSection(SolutionConfigurationPlatforms) = preSolution
		Debug|Any CPU = Debug|Any CPU
		Release|Any CPU = Release|Any CPU
	EndGlobalSection
	GlobalSection(ProjectConfigurationPlatforms) = postSolution
		{8215CB88-0E07-4216-96FF-6735B593B2A2}.Debug|Any CPU.ActiveCfg = Debug|Any CPU
		{8215CB88-0E07-4216-96FF-6735B593B2A2}.Debug|Any CPU.Build.0 = Debug|Any CPU
		{8215CB88-0E07-4216-96FF-6735B593B2A2}.Release|Any CPU.ActiveCfg = Release|Any CPU
		{8215CB88-0E07-4216-96FF-6735B593B2A2}.Release|Any CPU.Build.0 = Release|Any CPU
	EndGlobalSection
	GlobalSection(SolutionProperties) = preSolution
		HideSolutionNode = FALSE
	EndGlobalSection
	GlobalSection(ExtensibilityGlobals) = postSolution
		SolutionGuid = {FE00AED2-5AF8-4AB6-B49E-F53BC3970671}
	EndGlobalSection
EndGlobal
